
Microsoft Visual Studio Solution File, Format Version 12.00
# Visual Studio Version 16
VisualStudioVersion = 16.0.29920.165
MinimumVisualStudioVersion = 10.0.40219.1
Project("{FAE04EC0-301F-11D3-BF4B-00C04F79EFBC}") = "Arrays", "Arrays\Arrays.csproj", "{CA2CF8EB-E578-4D0D-92F3-7B87E28DFC2D}"
EndProject
Global
	GlobalSection(SolutionConfigurationPlatforms) = preSolution
		Debug|Any CPU = Debug|Any CPU
		Release|Any CPU = Release|Any CPU
	EndGlobalSection
	GlobalSection(ProjectConfigurationPlatforms) = postSolution
		{CA2CF8EB-E578-4D0D-92F3-7B87E28DFC2D}.Debug|Any CPU.ActiveCfg = Debug|Any CPU
		{CA2CF8EB-E578-4D0D-92F3-7B87E28DFC2D}.Debug|Any CPU.Build.0 = Debug|Any CPU
		{CA2CF8EB-E578-4D0D-92F3-7B87E28DFC2D}.Release|Any CPU.ActiveCfg = Release|Any CPU
		{CA2CF8EB-E578-4D0D-92F3-7B87E28DFC2D}.Release|Any CPU.Build.0 = Release|Any CPU
	EndGlobalSection
	GlobalSection(SolutionProperties) = preSolution
		HideSolutionNode = FALSE
	EndGlobalSection
	GlobalSection(ExtensibilityGlobals) = postSolution
		SolutionGuid = {A5005618-CB36-4486-B28C-2FE86B3ACF32}
	EndGlobalSection
EndGlobal
