
Microsoft Visual Studio Solution File, Format Version 12.00
# Visual Studio Version 16
VisualStudioVersion = 16.0.29920.165
MinimumVisualStudioVersion = 10.0.40219.1
Project("{FAE04EC0-301F-11D3-BF4B-00C04F79EFBC}") = "Classes", "Classes\Classes.csproj", "{5551EF66-4FE5-4080-B739-950A292E51EC}"
EndProject
Global
	GlobalSection(SolutionConfigurationPlatforms) = preSolution
		Debug|Any CPU = Debug|Any CPU
		Release|Any CPU = Release|Any CPU
	EndGlobalSection
	GlobalSection(ProjectConfigurationPlatforms) = postSolution
		{5551EF66-4FE5-4080-B739-950A292E51EC}.Debug|Any CPU.ActiveCfg = Debug|Any CPU
		{5551EF66-4FE5-4080-B739-950A292E51EC}.Debug|Any CPU.Build.0 = Debug|Any CPU
		{5551EF66-4FE5-4080-B739-950A292E51EC}.Release|Any CPU.ActiveCfg = Release|Any CPU
		{5551EF66-4FE5-4080-B739-950A292E51EC}.Release|Any CPU.Build.0 = Release|Any CPU
	EndGlobalSection
	GlobalSection(SolutionProperties) = preSolution
		HideSolutionNode = FALSE
	EndGlobalSection
	GlobalSection(ExtensibilityGlobals) = postSolution
		SolutionGuid = {3EF579DF-8824-4D03-8988-2E7CCE54DB95}
	EndGlobalSection
EndGlobal
